
Microsoft Visual Studio Solution File, Format Version 12.00
# Visual Studio 2012
Project("{FAE04EC0-301F-11D3-BF4B-00C04F79EFBC}") = "CurrencyConverterJSON", "CurrencyConverterJSON\CurrencyConverterJSON.csproj", "{66BCE61A-9BF8-4F85-BB5B-7E5C4D0B3455}"
EndProject
Project("{FAE04EC0-301F-11D3-BF4B-00C04F79EFBC}") = "CurrencyConverterJSON.iOS", "iOS\CurrencyConverterJSON.iOS.csproj", "{B023EBB6-38D0-4013-8BFC-08901A7B8F22}"
EndProject
Project("{FAE04EC0-301F-11D3-BF4B-00C04F79EFBC}") = "CurrencyConverterJSON.Droid", "Droid\CurrencyConverterJSON.Droid.csproj", "{49657DBB-1951-4360-9505-60EFE5C18A26}"
EndProject
Global
	GlobalSection(SolutionConfigurationPlatforms) = preSolution
		Debug|Any CPU = Debug|Any CPU
		Release|Any CPU = Release|Any CPU
		Debug|iPhoneSimulator = Debug|iPhoneSimulator
		Release|iPhone = Release|iPhone
		Release|iPhoneSimulator = Release|iPhoneSimulator
		Debug|iPhone = Debug|iPhone
	EndGlobalSection
	GlobalSection(ProjectConfigurationPlatforms) = postSolution
		{66BCE61A-9BF8-4F85-BB5B-7E5C4D0B3455}.Debug|Any CPU.ActiveCfg = Debug|Any CPU
		{66BCE61A-9BF8-4F85-BB5B-7E5C4D0B3455}.Debug|Any CPU.Build.0 = Debug|Any CPU
		{66BCE61A-9BF8-4F85-BB5B-7E5C4D0B3455}.Release|Any CPU.ActiveCfg = Release|Any CPU
		{66BCE61A-9BF8-4F85-BB5B-7E5C4D0B3455}.Release|Any CPU.Build.0 = Release|Any CPU
		{66BCE61A-9BF8-4F85-BB5B-7E5C4D0B3455}.Debug|iPhoneSimulator.ActiveCfg = Debug|Any CPU
		{66BCE61A-9BF8-4F85-BB5B-7E5C4D0B3455}.Debug|iPhoneSimulator.Build.0 = Debug|Any CPU
		{66BCE61A-9BF8-4F85-BB5B-7E5C4D0B3455}.Release|iPhone.ActiveCfg = Release|Any CPU
		{66BCE61A-9BF8-4F85-BB5B-7E5C4D0B3455}.Release|iPhone.Build.0 = Release|Any CPU
		{66BCE61A-9BF8-4F85-BB5B-7E5C4D0B3455}.Release|iPhoneSimulator.ActiveCfg = Release|Any CPU
		{66BCE61A-9BF8-4F85-BB5B-7E5C4D0B3455}.Release|iPhoneSimulator.Build.0 = Release|Any CPU
		{66BCE61A-9BF8-4F85-BB5B-7E5C4D0B3455}.Debug|iPhone.ActiveCfg = Debug|Any CPU
		{66BCE61A-9BF8-4F85-BB5B-7E5C4D0B3455}.Debug|iPhone.Build.0 = Debug|Any CPU
		{B023EBB6-38D0-4013-8BFC-08901A7B8F22}.Debug|Any CPU.ActiveCfg = Debug|iPhoneSimulator
		{B023EBB6-38D0-4013-8BFC-08901A7B8F22}.Debug|Any CPU.Build.0 = Debug|iPhoneSimulator
		{B023EBB6-38D0-4013-8BFC-08901A7B8F22}.Release|Any CPU.ActiveCfg = Release|iPhone
		{B023EBB6-38D0-4013-8BFC-08901A7B8F22}.Release|Any CPU.Build.0 = Release|iPhone
		{B023EBB6-38D0-4013-8BFC-08901A7B8F22}.Debug|iPhoneSimulator.ActiveCfg = Debug|iPhoneSimulator
		{B023EBB6-38D0-4013-8BFC-08901A7B8F22}.Debug|iPhoneSimulator.Build.0 = Debug|iPhoneSimulator
		{B023EBB6-38D0-4013-8BFC-08901A7B8F22}.Release|iPhone.ActiveCfg = Release|iPhone
		{B023EBB6-38D0-4013-8BFC-08901A7B8F22}.Release|iPhone.Build.0 = Release|iPhone
		{B023EBB6-38D0-4013-8BFC-08901A7B8F22}.Release|iPhoneSimulator.ActiveCfg = Release|iPhoneSimulator
		{B023EBB6-38D0-4013-8BFC-08901A7B8F22}.Release|iPhoneSimulator.Build.0 = Release|iPhoneSimulator
		{B023EBB6-38D0-4013-8BFC-08901A7B8F22}.Debug|iPhone.ActiveCfg = Debug|iPhone
		{B023EBB6-38D0-4013-8BFC-08901A7B8F22}.Debug|iPhone.Build.0 = Debug|iPhone
		{49657DBB-1951-4360-9505-60EFE5C18A26}.Debug|Any CPU.ActiveCfg = Debug|Any CPU
		{49657DBB-1951-4360-9505-60EFE5C18A26}.Debug|Any CPU.Build.0 = Debug|Any CPU
		{49657DBB-1951-4360-9505-60EFE5C18A26}.Release|Any CPU.ActiveCfg = Release|Any CPU
		{49657DBB-1951-4360-9505-60EFE5C18A26}.Release|Any CPU.Build.0 = Release|Any CPU
		{49657DBB-1951-4360-9505-60EFE5C18A26}.Debug|iPhoneSimulator.ActiveCfg = Debug|Any CPU
		{49657DBB-1951-4360-9505-60EFE5C18A26}.Debug|iPhoneSimulator.Build.0 = Debug|Any CPU
		{49657DBB-1951-4360-9505-60EFE5C18A26}.Release|iPhone.ActiveCfg = Release|Any CPU
		{49657DBB-1951-4360-9505-60EFE5C18A26}.Release|iPhone.Build.0 = Release|Any CPU
		{49657DBB-1951-4360-9505-60EFE5C18A26}.Release|iPhoneSimulator.ActiveCfg = Release|Any CPU
		{49657DBB-1951-4360-9505-60EFE5C18A26}.Release|iPhoneSimulator.Build.0 = Release|Any CPU
		{49657DBB-1951-4360-9505-60EFE5C18A26}.Debug|iPhone.ActiveCfg = Debug|Any CPU
		{49657DBB-1951-4360-9505-60EFE5C18A26}.Debug|iPhone.Build.0 = Debug|Any CPU
	EndGlobalSection
EndGlobal
