
Microsoft Visual Studio Solution File, Format Version 12.00
# Visual Studio 2012
Project("{FAE04EC0-301F-11D3-BF4B-00C04F79EFBC}") = "Cities", "Cities\Cities.csproj", "{297B40CF-F9C0-457F-ABD7-7CACBABA1046}"
EndProject
Project("{FAE04EC0-301F-11D3-BF4B-00C04F79EFBC}") = "Cities.iOS", "iOS\Cities.iOS.csproj", "{FA9D68FE-5287-4795-8CBB-FFFAA80852AF}"
EndProject
Project("{FAE04EC0-301F-11D3-BF4B-00C04F79EFBC}") = "Cities.Droid", "Droid\Cities.Droid.csproj", "{8B31F42F-7E3E-44A0-96FF-039521F7EB41}"
EndProject
Global
	GlobalSection(SolutionConfigurationPlatforms) = preSolution
		Debug|Any CPU = Debug|Any CPU
		Release|Any CPU = Release|Any CPU
		Debug|iPhoneSimulator = Debug|iPhoneSimulator
		Release|iPhone = Release|iPhone
		Release|iPhoneSimulator = Release|iPhoneSimulator
		Debug|iPhone = Debug|iPhone
	EndGlobalSection
	GlobalSection(ProjectConfigurationPlatforms) = postSolution
		{297B40CF-F9C0-457F-ABD7-7CACBABA1046}.Debug|Any CPU.ActiveCfg = Debug|Any CPU
		{297B40CF-F9C0-457F-ABD7-7CACBABA1046}.Debug|Any CPU.Build.0 = Debug|Any CPU
		{297B40CF-F9C0-457F-ABD7-7CACBABA1046}.Release|Any CPU.ActiveCfg = Release|Any CPU
		{297B40CF-F9C0-457F-ABD7-7CACBABA1046}.Release|Any CPU.Build.0 = Release|Any CPU
		{297B40CF-F9C0-457F-ABD7-7CACBABA1046}.Debug|iPhoneSimulator.ActiveCfg = Debug|Any CPU
		{297B40CF-F9C0-457F-ABD7-7CACBABA1046}.Debug|iPhoneSimulator.Build.0 = Debug|Any CPU
		{297B40CF-F9C0-457F-ABD7-7CACBABA1046}.Release|iPhone.ActiveCfg = Release|Any CPU
		{297B40CF-F9C0-457F-ABD7-7CACBABA1046}.Release|iPhone.Build.0 = Release|Any CPU
		{297B40CF-F9C0-457F-ABD7-7CACBABA1046}.Release|iPhoneSimulator.ActiveCfg = Release|Any CPU
		{297B40CF-F9C0-457F-ABD7-7CACBABA1046}.Release|iPhoneSimulator.Build.0 = Release|Any CPU
		{297B40CF-F9C0-457F-ABD7-7CACBABA1046}.Debug|iPhone.ActiveCfg = Debug|Any CPU
		{297B40CF-F9C0-457F-ABD7-7CACBABA1046}.Debug|iPhone.Build.0 = Debug|Any CPU
		{FA9D68FE-5287-4795-8CBB-FFFAA80852AF}.Debug|Any CPU.ActiveCfg = Debug|iPhoneSimulator
		{FA9D68FE-5287-4795-8CBB-FFFAA80852AF}.Debug|Any CPU.Build.0 = Debug|iPhoneSimulator
		{FA9D68FE-5287-4795-8CBB-FFFAA80852AF}.Release|Any CPU.ActiveCfg = Release|iPhone
		{FA9D68FE-5287-4795-8CBB-FFFAA80852AF}.Release|Any CPU.Build.0 = Release|iPhone
		{FA9D68FE-5287-4795-8CBB-FFFAA80852AF}.Debug|iPhoneSimulator.ActiveCfg = Debug|iPhoneSimulator
		{FA9D68FE-5287-4795-8CBB-FFFAA80852AF}.Debug|iPhoneSimulator.Build.0 = Debug|iPhoneSimulator
		{FA9D68FE-5287-4795-8CBB-FFFAA80852AF}.Release|iPhone.ActiveCfg = Release|iPhone
		{FA9D68FE-5287-4795-8CBB-FFFAA80852AF}.Release|iPhone.Build.0 = Release|iPhone
		{FA9D68FE-5287-4795-8CBB-FFFAA80852AF}.Release|iPhoneSimulator.ActiveCfg = Release|iPhoneSimulator
		{FA9D68FE-5287-4795-8CBB-FFFAA80852AF}.Release|iPhoneSimulator.Build.0 = Release|iPhoneSimulator
		{FA9D68FE-5287-4795-8CBB-FFFAA80852AF}.Debug|iPhone.ActiveCfg = Debug|iPhone
		{FA9D68FE-5287-4795-8CBB-FFFAA80852AF}.Debug|iPhone.Build.0 = Debug|iPhone
		{8B31F42F-7E3E-44A0-96FF-039521F7EB41}.Debug|Any CPU.ActiveCfg = Debug|Any CPU
		{8B31F42F-7E3E-44A0-96FF-039521F7EB41}.Debug|Any CPU.Build.0 = Debug|Any CPU
		{8B31F42F-7E3E-44A0-96FF-039521F7EB41}.Release|Any CPU.ActiveCfg = Release|Any CPU
		{8B31F42F-7E3E-44A0-96FF-039521F7EB41}.Release|Any CPU.Build.0 = Release|Any CPU
		{8B31F42F-7E3E-44A0-96FF-039521F7EB41}.Debug|iPhoneSimulator.ActiveCfg = Debug|Any CPU
		{8B31F42F-7E3E-44A0-96FF-039521F7EB41}.Debug|iPhoneSimulator.Build.0 = Debug|Any CPU
		{8B31F42F-7E3E-44A0-96FF-039521F7EB41}.Release|iPhone.ActiveCfg = Release|Any CPU
		{8B31F42F-7E3E-44A0-96FF-039521F7EB41}.Release|iPhone.Build.0 = Release|Any CPU
		{8B31F42F-7E3E-44A0-96FF-039521F7EB41}.Release|iPhoneSimulator.ActiveCfg = Release|Any CPU
		{8B31F42F-7E3E-44A0-96FF-039521F7EB41}.Release|iPhoneSimulator.Build.0 = Release|Any CPU
		{8B31F42F-7E3E-44A0-96FF-039521F7EB41}.Debug|iPhone.ActiveCfg = Debug|Any CPU
		{8B31F42F-7E3E-44A0-96FF-039521F7EB41}.Debug|iPhone.Build.0 = Debug|Any CPU
	EndGlobalSection
EndGlobal
